
Microsoft Visual Studio Solution File, Format Version 12.00
# Visual Studio 15
VisualStudioVersion = 15.0.27428.2027
MinimumVisualStudioVersion = 10.0.40219.1
Project("{9A19103F-16F7-4668-BE54-9A1E7A4F7556}") = "HasinCard.MVC", "HasinCard.MVC\HasinCard.MVC.csproj", "{E75D2C9D-4246-4F4D-87F2-C56A805C7C90}"
EndProject
Project("{2150E333-8FDC-42A3-9474-1A3956D46DE8}") = "Presentation", "Presentation", "{0010D11C-74D1-42B0-AE80-0211D43B05D7}"
EndProject
Project("{9A19103F-16F7-4668-BE54-9A1E7A4F7556}") = "HasinCard.Host", "HasinCard.Host\HasinCard.Host.csproj", "{F7627F09-E197-4E89-AF1D-07A77450683A}"
EndProject
Project("{2150E333-8FDC-42A3-9474-1A3956D46DE8}") = "Library", "Library", "{A2813C7E-7B9D-47AA-9579-47A763E0533A}"
EndProject
Project("{9A19103F-16F7-4668-BE54-9A1E7A4F7556}") = "HasinCard.Core", "HasinCard.Core\HasinCard.Core.csproj", "{6E272277-C45C-4BFB-A74F-9C811478AC7D}"
EndProject
Project("{9A19103F-16F7-4668-BE54-9A1E7A4F7556}") = "HasinCard.Data", "HasinCard.Data\HasinCard.Data.csproj", "{626FFF32-7098-4B12-9171-803E38933EBD}"
EndProject
Project("{9A19103F-16F7-4668-BE54-9A1E7A4F7556}") = "HasinCard.Service", "HasinCard.Service\HasinCard.Service.csproj", "{57390619-7237-42C5-8F31-B6ED1C096685}"
EndProject
Project("{2150E333-8FDC-42A3-9474-1A3956D46DE8}") = "Test", "Test", "{464FD0D6-9A81-4D42-9F8C-CBC6ED350AB1}"
EndProject
Project("{FAE04EC0-301F-11D3-BF4B-00C04F79EFBC}") = "HasinCard.Core.Test", "HasinCard.Core.Test\HasinCard.Core.Test.csproj", "{32BDE937-5054-4482-93E5-B8FD954FBA04}"
EndProject
Global
	GlobalSection(SolutionConfigurationPlatforms) = preSolution
		Debug|Any CPU = Debug|Any CPU
		Release|Any CPU = Release|Any CPU
	EndGlobalSection
	GlobalSection(ProjectConfigurationPlatforms) = postSolution
		{E75D2C9D-4246-4F4D-87F2-C56A805C7C90}.Debug|Any CPU.ActiveCfg = Debug|Any CPU
		{E75D2C9D-4246-4F4D-87F2-C56A805C7C90}.Debug|Any CPU.Build.0 = Debug|Any CPU
		{E75D2C9D-4246-4F4D-87F2-C56A805C7C90}.Release|Any CPU.ActiveCfg = Release|Any CPU
		{E75D2C9D-4246-4F4D-87F2-C56A805C7C90}.Release|Any CPU.Build.0 = Release|Any CPU
		{F7627F09-E197-4E89-AF1D-07A77450683A}.Debug|Any CPU.ActiveCfg = Debug|Any CPU
		{F7627F09-E197-4E89-AF1D-07A77450683A}.Debug|Any CPU.Build.0 = Debug|Any CPU
		{F7627F09-E197-4E89-AF1D-07A77450683A}.Release|Any CPU.ActiveCfg = Release|Any CPU
		{F7627F09-E197-4E89-AF1D-07A77450683A}.Release|Any CPU.Build.0 = Release|Any CPU
		{6E272277-C45C-4BFB-A74F-9C811478AC7D}.Debug|Any CPU.ActiveCfg = Debug|Any CPU
		{6E272277-C45C-4BFB-A74F-9C811478AC7D}.Debug|Any CPU.Build.0 = Debug|Any CPU
		{6E272277-C45C-4BFB-A74F-9C811478AC7D}.Release|Any CPU.ActiveCfg = Release|Any CPU
		{6E272277-C45C-4BFB-A74F-9C811478AC7D}.Release|Any CPU.Build.0 = Release|Any CPU
		{626FFF32-7098-4B12-9171-803E38933EBD}.Debug|Any CPU.ActiveCfg = Debug|Any CPU
		{626FFF32-7098-4B12-9171-803E38933EBD}.Debug|Any CPU.Build.0 = Debug|Any CPU
		{626FFF32-7098-4B12-9171-803E38933EBD}.Release|Any CPU.ActiveCfg = Release|Any CPU
		{626FFF32-7098-4B12-9171-803E38933EBD}.Release|Any CPU.Build.0 = Release|Any CPU
		{57390619-7237-42C5-8F31-B6ED1C096685}.Debug|Any CPU.ActiveCfg = Debug|Any CPU
		{57390619-7237-42C5-8F31-B6ED1C096685}.Debug|Any CPU.Build.0 = Debug|Any CPU
		{57390619-7237-42C5-8F31-B6ED1C096685}.Release|Any CPU.ActiveCfg = Release|Any CPU
		{57390619-7237-42C5-8F31-B6ED1C096685}.Release|Any CPU.Build.0 = Release|Any CPU
		{32BDE937-5054-4482-93E5-B8FD954FBA04}.Debug|Any CPU.ActiveCfg = Debug|Any CPU
		{32BDE937-5054-4482-93E5-B8FD954FBA04}.Debug|Any CPU.Build.0 = Debug|Any CPU
		{32BDE937-5054-4482-93E5-B8FD954FBA04}.Release|Any CPU.ActiveCfg = Release|Any CPU
		{32BDE937-5054-4482-93E5-B8FD954FBA04}.Release|Any CPU.Build.0 = Release|Any CPU
	EndGlobalSection
	GlobalSection(SolutionProperties) = preSolution
		HideSolutionNode = FALSE
	EndGlobalSection
	GlobalSection(NestedProjects) = preSolution
		{E75D2C9D-4246-4F4D-87F2-C56A805C7C90} = {0010D11C-74D1-42B0-AE80-0211D43B05D7}
		{F7627F09-E197-4E89-AF1D-07A77450683A} = {0010D11C-74D1-42B0-AE80-0211D43B05D7}
		{6E272277-C45C-4BFB-A74F-9C811478AC7D} = {A2813C7E-7B9D-47AA-9579-47A763E0533A}
		{626FFF32-7098-4B12-9171-803E38933EBD} = {A2813C7E-7B9D-47AA-9579-47A763E0533A}
		{57390619-7237-42C5-8F31-B6ED1C096685} = {A2813C7E-7B9D-47AA-9579-47A763E0533A}
		{32BDE937-5054-4482-93E5-B8FD954FBA04} = {464FD0D6-9A81-4D42-9F8C-CBC6ED350AB1}
	EndGlobalSection
	GlobalSection(ExtensibilityGlobals) = postSolution
		SolutionGuid = {F1069D31-C02B-4868-B3FA-FEECF18A5720}
	EndGlobalSection
EndGlobal
